
Microsoft Visual Studio Solution File, Format Version 12.00
# Visual Studio Version 16
VisualStudioVersion = 16.0.31911.196
MinimumVisualStudioVersion = 10.0.40219.1
Project("{FAE04EC0-301F-11D3-BF4B-00C04F79EFBC}") = "task_6_3_1", "task_6_3_1.csproj", "{69BFF845-B1A7-4175-A315-FA84CD19E9EE}"
EndProject
Global
	GlobalSection(SolutionConfigurationPlatforms) = preSolution
		Debug|Any CPU = Debug|Any CPU
		Release|Any CPU = Release|Any CPU
	EndGlobalSection
	GlobalSection(ProjectConfigurationPlatforms) = postSolution
		{69BFF845-B1A7-4175-A315-FA84CD19E9EE}.Debug|Any CPU.ActiveCfg = Debug|Any CPU
		{69BFF845-B1A7-4175-A315-FA84CD19E9EE}.Debug|Any CPU.Build.0 = Debug|Any CPU
		{69BFF845-B1A7-4175-A315-FA84CD19E9EE}.Release|Any CPU.ActiveCfg = Release|Any CPU
		{69BFF845-B1A7-4175-A315-FA84CD19E9EE}.Release|Any CPU.Build.0 = Release|Any CPU
	EndGlobalSection
	GlobalSection(SolutionProperties) = preSolution
		HideSolutionNode = FALSE
	EndGlobalSection
	GlobalSection(ExtensibilityGlobals) = postSolution
		SolutionGuid = {B537E83A-A2DC-4DF3-9749-E15F7B89BFD1}
	EndGlobalSection
EndGlobal
